// !$*UTF8*$!
{
	archiveVersion = 1;
	classes = {
	};
	objectVersion = 50;
	objects = {

/* Begin PBXBuildFile section */
		1C01DB9D25A5D807007E228E /* AlphabeticSearchUIControl.swift in Sources */ = {isa = PBXBuildFile; fileRef = 1C01DB9C25A5D807007E228E /* AlphabeticSearchUIControl.swift */; };
		1C166D17259723CC0010CB51 /* FriendsTableViewController.swift in Sources */ = {isa = PBXBuildFile; fileRef = 1C166D16259723CC0010CB51 /* FriendsTableViewController.swift */; };
		1C166D1B25972C830010CB51 /* FriendsTableViewCell.swift in Sources */ = {isa = PBXBuildFile; fileRef = 1C166D1A25972C830010CB51 /* FriendsTableViewCell.swift */; };
		1C166D1E259867500010CB51 /* FriendCollectionViewController.swift in Sources */ = {isa = PBXBuildFile; fileRef = 1C166D1D2598674F0010CB51 /* FriendCollectionViewController.swift */; };
		1C166D212598934D0010CB51 /* FriendCollectionViewCell.swift in Sources */ = {isa = PBXBuildFile; fileRef = 1C166D202598934D0010CB51 /* FriendCollectionViewCell.swift */; };
		1C2D41FE25A6FFCE0009E70A /* ContactListUIControl.swift in Sources */ = {isa = PBXBuildFile; fileRef = 1C2D41FD25A6FFCE0009E70A /* ContactListUIControl.swift */; };
		1C2D420125A7069E0009E70A /* ContactsTableViewCell.swift in Sources */ = {isa = PBXBuildFile; fileRef = 1C2D420025A7069E0009E70A /* ContactsTableViewCell.swift */; };
		1C42157E25AC20FD00B8051B /* FriendsDataSource.swift in Sources */ = {isa = PBXBuildFile; fileRef = 1C42157D25AC20FD00B8051B /* FriendsDataSource.swift */; };
		1C5D692525B5FC7200ACEBF0 /* NewsCollectionViewCell.swift in Sources */ = {isa = PBXBuildFile; fileRef = 1C5D692325B5FC7200ACEBF0 /* NewsCollectionViewCell.swift */; };
		1C5D692625B5FC7200ACEBF0 /* NewsCollectionViewCell.xib in Resources */ = {isa = PBXBuildFile; fileRef = 1C5D692425B5FC7200ACEBF0 /* NewsCollectionViewCell.xib */; };
		1C5D692925B5FE9500ACEBF0 /* NewsCollectionViewController.swift in Sources */ = {isa = PBXBuildFile; fileRef = 1C5D692825B5FE9500ACEBF0 /* NewsCollectionViewController.swift */; };
		1C5D693425B71C0E00ACEBF0 /* news.swift in Sources */ = {isa = PBXBuildFile; fileRef = 1C5D693325B71C0E00ACEBF0 /* news.swift */; };
		1C5D693725B742FC00ACEBF0 /* NewsDataSource.swift in Sources */ = {isa = PBXBuildFile; fileRef = 1C5D693625B742FC00ACEBF0 /* NewsDataSource.swift */; };
		1C6B0FA125A1B53400E74DBE /* ProfileNavigationViewController.swift in Sources */ = {isa = PBXBuildFile; fileRef = 1C6B0FA025A1B53400E74DBE /* ProfileNavigationViewController.swift */; };
		1C6B0FA425A1B5D900E74DBE /* ProfileViewController.swift in Sources */ = {isa = PBXBuildFile; fileRef = 1C6B0FA325A1B5D900E74DBE /* ProfileViewController.swift */; };
		1C6B0FAE25A2281700E74DBE /* CustomAvatarImageView.swift in Sources */ = {isa = PBXBuildFile; fileRef = 1C6B0FAD25A2281700E74DBE /* CustomAvatarImageView.swift */; };
		1C6B0FB225A340FA00E74DBE /* LikerUIControl.swift in Sources */ = {isa = PBXBuildFile; fileRef = 1C6B0FB125A340FA00E74DBE /* LikerUIControl.swift */; };
		1C8E8650259AE76800136A7C /* UserGroupTableViewCell.swift in Sources */ = {isa = PBXBuildFile; fileRef = 1C8E864F259AE76800136A7C /* UserGroupTableViewCell.swift */; };
		1C8E8653259AE7A100136A7C /* UserGroupTableViewController.swift in Sources */ = {isa = PBXBuildFile; fileRef = 1C8E8652259AE7A100136A7C /* UserGroupTableViewController.swift */; };
		1C8E8658259B396B00136A7C /* GlobalGroupsTableViewController.swift in Sources */ = {isa = PBXBuildFile; fileRef = 1C8E8657259B396A00136A7C /* GlobalGroupsTableViewController.swift */; };
		1C8E865B259B398000136A7C /* GlobalGroupTableViewCell.swift in Sources */ = {isa = PBXBuildFile; fileRef = 1C8E865A259B398000136A7C /* GlobalGroupTableViewCell.swift */; };
		1CB5E669259C6CAB006921F7 /* user.swift in Sources */ = {isa = PBXBuildFile; fileRef = 1CB5E668259C6CAB006921F7 /* user.swift */; };
		1CB5E66C259C6CBD006921F7 /* group.swift in Sources */ = {isa = PBXBuildFile; fileRef = 1CB5E66B259C6CBD006921F7 /* group.swift */; };
		1CB5E66F259C76C9006921F7 /* friend.swift in Sources */ = {isa = PBXBuildFile; fileRef = 1CB5E66E259C76C9006921F7 /* friend.swift */; };
		1CBA36EA25964C9B008201F3 /* FriendsNavigationViewController.swift in Sources */ = {isa = PBXBuildFile; fileRef = 1CBA36E925964C9B008201F3 /* FriendsNavigationViewController.swift */; };
		1CEF127925A6077B00E986D1 /* CustomFriendsTableViewController.swift in Sources */ = {isa = PBXBuildFile; fileRef = 1CEF127825A6077B00E986D1 /* CustomFriendsTableViewController.swift */; };
		1CF5084825911145008A87D3 /* AppDelegate.swift in Sources */ = {isa = PBXBuildFile; fileRef = 1CF5084725911145008A87D3 /* AppDelegate.swift */; };
		1CF5084A25911145008A87D3 /* SceneDelegate.swift in Sources */ = {isa = PBXBuildFile; fileRef = 1CF5084925911145008A87D3 /* SceneDelegate.swift */; };
		1CF5084C25911145008A87D3 /* LoginViewController.swift in Sources */ = {isa = PBXBuildFile; fileRef = 1CF5084B25911145008A87D3 /* LoginViewController.swift */; };
		1CF5084F25911145008A87D3 /* Main.storyboard in Resources */ = {isa = PBXBuildFile; fileRef = 1CF5084D25911145008A87D3 /* Main.storyboard */; };
		1CF5085125911146008A87D3 /* Assets.xcassets in Resources */ = {isa = PBXBuildFile; fileRef = 1CF5085025911146008A87D3 /* Assets.xcassets */; };
		1CF5085425911146008A87D3 /* LaunchScreen.storyboard in Resources */ = {isa = PBXBuildFile; fileRef = 1CF5085225911146008A87D3 /* LaunchScreen.storyboard */; };
/* End PBXBuildFile section */

/* Begin PBXFileReference section */
		1C01DB9C25A5D807007E228E /* AlphabeticSearchUIControl.swift */ = {isa = PBXFileReference; lastKnownFileType = sourcecode.swift; path = AlphabeticSearchUIControl.swift; sourceTree = "<group>"; };
		1C166D16259723CC0010CB51 /* FriendsTableViewController.swift */ = {isa = PBXFileReference; lastKnownFileType = sourcecode.swift; path = FriendsTableViewController.swift; sourceTree = "<group>"; };
		1C166D1A25972C830010CB51 /* FriendsTableViewCell.swift */ = {isa = PBXFileReference; lastKnownFileType = sourcecode.swift; path = FriendsTableViewCell.swift; sourceTree = "<group>"; };
		1C166D1D2598674F0010CB51 /* FriendCollectionViewController.swift */ = {isa = PBXFileReference; lastKnownFileType = sourcecode.swift; path = FriendCollectionViewController.swift; sourceTree = "<group>"; };
		1C166D202598934D0010CB51 /* FriendCollectionViewCell.swift */ = {isa = PBXFileReference; lastKnownFileType = sourcecode.swift; path = FriendCollectionViewCell.swift; sourceTree = "<group>"; };
		1C2D41FD25A6FFCE0009E70A /* ContactListUIControl.swift */ = {isa = PBXFileReference; lastKnownFileType = sourcecode.swift; path = ContactListUIControl.swift; sourceTree = "<group>"; };
		1C2D420025A7069E0009E70A /* ContactsTableViewCell.swift */ = {isa = PBXFileReference; lastKnownFileType = sourcecode.swift; path = ContactsTableViewCell.swift; sourceTree = "<group>"; };
		1C42157D25AC20FD00B8051B /* FriendsDataSource.swift */ = {isa = PBXFileReference; lastKnownFileType = sourcecode.swift; path = FriendsDataSource.swift; sourceTree = "<group>"; };
		1C5D692325B5FC7200ACEBF0 /* NewsCollectionViewCell.swift */ = {isa = PBXFileReference; lastKnownFileType = sourcecode.swift; path = NewsCollectionViewCell.swift; sourceTree = "<group>"; };
		1C5D692425B5FC7200ACEBF0 /* NewsCollectionViewCell.xib */ = {isa = PBXFileReference; lastKnownFileType = file.xib; path = NewsCollectionViewCell.xib; sourceTree = "<group>"; };
		1C5D692825B5FE9500ACEBF0 /* NewsCollectionViewController.swift */ = {isa = PBXFileReference; lastKnownFileType = sourcecode.swift; path = NewsCollectionViewController.swift; sourceTree = "<group>"; };
		1C5D693325B71C0E00ACEBF0 /* news.swift */ = {isa = PBXFileReference; lastKnownFileType = sourcecode.swift; path = news.swift; sourceTree = "<group>"; };
		1C5D693625B742FC00ACEBF0 /* NewsDataSource.swift */ = {isa = PBXFileReference; lastKnownFileType = sourcecode.swift; path = NewsDataSource.swift; sourceTree = "<group>"; };
		1C6B0FA025A1B53400E74DBE /* ProfileNavigationViewController.swift */ = {isa = PBXFileReference; lastKnownFileType = sourcecode.swift; path = ProfileNavigationViewController.swift; sourceTree = "<group>"; };
		1C6B0FA325A1B5D900E74DBE /* ProfileViewController.swift */ = {isa = PBXFileReference; lastKnownFileType = sourcecode.swift; path = ProfileViewController.swift; sourceTree = "<group>"; };
		1C6B0FAD25A2281700E74DBE /* CustomAvatarImageView.swift */ = {isa = PBXFileReference; lastKnownFileType = sourcecode.swift; path = CustomAvatarImageView.swift; sourceTree = "<group>"; };
		1C6B0FB125A340FA00E74DBE /* LikerUIControl.swift */ = {isa = PBXFileReference; lastKnownFileType = sourcecode.swift; path = LikerUIControl.swift; sourceTree = "<group>"; };
		1C8E864F259AE76800136A7C /* UserGroupTableViewCell.swift */ = {isa = PBXFileReference; lastKnownFileType = sourcecode.swift; path = UserGroupTableViewCell.swift; sourceTree = "<group>"; };
		1C8E8652259AE7A100136A7C /* UserGroupTableViewController.swift */ = {isa = PBXFileReference; lastKnownFileType = sourcecode.swift; path = UserGroupTableViewController.swift; sourceTree = "<group>"; };
		1C8E8657259B396A00136A7C /* GlobalGroupsTableViewController.swift */ = {isa = PBXFileReference; lastKnownFileType = sourcecode.swift; path = GlobalGroupsTableViewController.swift; sourceTree = "<group>"; };
		1C8E865A259B398000136A7C /* GlobalGroupTableViewCell.swift */ = {isa = PBXFileReference; lastKnownFileType = sourcecode.swift; path = GlobalGroupTableViewCell.swift; sourceTree = "<group>"; };
		1CB5E668259C6CAB006921F7 /* user.swift */ = {isa = PBXFileReference; lastKnownFileType = sourcecode.swift; path = user.swift; sourceTree = "<group>"; };
		1CB5E66B259C6CBD006921F7 /* group.swift */ = {isa = PBXFileReference; lastKnownFileType = sourcecode.swift; path = group.swift; sourceTree = "<group>"; };
		1CB5E66E259C76C9006921F7 /* friend.swift */ = {isa = PBXFileReference; lastKnownFileType = sourcecode.swift; path = friend.swift; sourceTree = "<group>"; };
		1CBA36E925964C9B008201F3 /* FriendsNavigationViewController.swift */ = {isa = PBXFileReference; lastKnownFileType = sourcecode.swift; path = FriendsNavigationViewController.swift; sourceTree = "<group>"; };
		1CEF127825A6077B00E986D1 /* CustomFriendsTableViewController.swift */ = {isa = PBXFileReference; lastKnownFileType = sourcecode.swift; path = CustomFriendsTableViewController.swift; sourceTree = "<group>"; };
		1CF5084425911145008A87D3 /* vk-client.app */ = {isa = PBXFileReference; explicitFileType = wrapper.application; includeInIndex = 0; path = "vk-client.app"; sourceTree = BUILT_PRODUCTS_DIR; };
		1CF5084725911145008A87D3 /* AppDelegate.swift */ = {isa = PBXFileReference; lastKnownFileType = sourcecode.swift; path = AppDelegate.swift; sourceTree = "<group>"; };
		1CF5084925911145008A87D3 /* SceneDelegate.swift */ = {isa = PBXFileReference; lastKnownFileType = sourcecode.swift; path = SceneDelegate.swift; sourceTree = "<group>"; };
		1CF5084B25911145008A87D3 /* LoginViewController.swift */ = {isa = PBXFileReference; lastKnownFileType = sourcecode.swift; path = LoginViewController.swift; sourceTree = "<group>"; };
		1CF5084E25911145008A87D3 /* Base */ = {isa = PBXFileReference; lastKnownFileType = file.storyboard; name = Base; path = Base.lproj/Main.storyboard; sourceTree = "<group>"; };
		1CF5085025911146008A87D3 /* Assets.xcassets */ = {isa = PBXFileReference; lastKnownFileType = folder.assetcatalog; path = Assets.xcassets; sourceTree = "<group>"; };
		1CF5085325911146008A87D3 /* Base */ = {isa = PBXFileReference; lastKnownFileType = file.storyboard; name = Base; path = Base.lproj/LaunchScreen.storyboard; sourceTree = "<group>"; };
		1CF5085525911146008A87D3 /* Info.plist */ = {isa = PBXFileReference; lastKnownFileType = text.plist.xml; path = Info.plist; sourceTree = "<group>"; };
/* End PBXFileReference section */

/* Begin PBXFrameworksBuildPhase section */
		1CF5084125911145008A87D3 /* Frameworks */ = {
			isa = PBXFrameworksBuildPhase;
			buildActionMask = 2147483647;
			files = (
			);
			runOnlyForDeploymentPostprocessing = 0;
		};
/* End PBXFrameworksBuildPhase section */

/* Begin PBXGroup section */
		1C01DB9B25A5D63B007E228E /* Controls */ = {
			isa = PBXGroup;
			children = (
				1C6B0FB125A340FA00E74DBE /* LikerUIControl.swift */,
				1C01DB9C25A5D807007E228E /* AlphabeticSearchUIControl.swift */,
				1C6B0FAD25A2281700E74DBE /* CustomAvatarImageView.swift */,
				1C2D41FD25A6FFCE0009E70A /* ContactListUIControl.swift */,
			);
			path = Controls;
			sourceTree = "<group>";
		};
		1C166D1925972C550010CB51 /* Сells */ = {
			isa = PBXGroup;
			children = (
				1C166D1A25972C830010CB51 /* FriendsTableViewCell.swift */,
				1C2D420025A7069E0009E70A /* ContactsTableViewCell.swift */,
				1C166D202598934D0010CB51 /* FriendCollectionViewCell.swift */,
				1C8E865A259B398000136A7C /* GlobalGroupTableViewCell.swift */,
				1C8E864F259AE76800136A7C /* UserGroupTableViewCell.swift */,
			);
			path = "Сells";
			sourceTree = "<group>";
		};
		1C42157C25AC20D300B8051B /* Data */ = {
			isa = PBXGroup;
			children = (
				1C42157D25AC20FD00B8051B /* FriendsDataSource.swift */,
				1C5D693625B742FC00ACEBF0 /* NewsDataSource.swift */,
			);
			path = Data;
			sourceTree = "<group>";
		};
		1C5D690025B5ADF100ACEBF0 /* News */ = {
			isa = PBXGroup;
			children = (
				1C5D692325B5FC7200ACEBF0 /* NewsCollectionViewCell.swift */,
				1C5D692425B5FC7200ACEBF0 /* NewsCollectionViewCell.xib */,
				1C5D692825B5FE9500ACEBF0 /* NewsCollectionViewController.swift */,
			);
			path = News;
			sourceTree = "<group>";
		};
		1C6B0FAC25A227BF00E74DBE /* Profile */ = {
			isa = PBXGroup;
			children = (
				1C6B0FA025A1B53400E74DBE /* ProfileNavigationViewController.swift */,
				1C6B0FA325A1B5D900E74DBE /* ProfileViewController.swift */,
			);
			path = Profile;
			sourceTree = "<group>";
		};
		1CB5E667259C6C69006921F7 /* Model */ = {
			isa = PBXGroup;
			children = (
				1CB5E668259C6CAB006921F7 /* user.swift */,
				1CB5E66B259C6CBD006921F7 /* group.swift */,
				1CB5E66E259C76C9006921F7 /* friend.swift */,
				1C5D693325B71C0E00ACEBF0 /* news.swift */,
			);
			path = Model;
			sourceTree = "<group>";
		};
		1CF5083B25911145008A87D3 = {
			isa = PBXGroup;
			children = (
				1CF5084625911145008A87D3 /* vk-client */,
				1CF5084525911145008A87D3 /* Products */,
			);
			sourceTree = "<group>";
		};
		1CF5084525911145008A87D3 /* Products */ = {
			isa = PBXGroup;
			children = (
				1CF5084425911145008A87D3 /* vk-client.app */,
			);
			name = Products;
			sourceTree = "<group>";
		};
		1CF5084625911145008A87D3 /* vk-client */ = {
			isa = PBXGroup;
			children = (
				1C5D690025B5ADF100ACEBF0 /* News */,
				1C42157C25AC20D300B8051B /* Data */,
				1C01DB9B25A5D63B007E228E /* Controls */,
				1C6B0FAC25A227BF00E74DBE /* Profile */,
				1CB5E667259C6C69006921F7 /* Model */,
				1C166D1925972C550010CB51 /* Сells */,
				1CF5084725911145008A87D3 /* AppDelegate.swift */,
				1CF5084925911145008A87D3 /* SceneDelegate.swift */,
				1CF5084B25911145008A87D3 /* LoginViewController.swift */,
				1CF5084D25911145008A87D3 /* Main.storyboard */,
				1C166D1D2598674F0010CB51 /* FriendCollectionViewController.swift */,
				1C166D16259723CC0010CB51 /* FriendsTableViewController.swift */,
				1CBA36E925964C9B008201F3 /* FriendsNavigationViewController.swift */,
				1C8E8652259AE7A100136A7C /* UserGroupTableViewController.swift */,
				1CEF127825A6077B00E986D1 /* CustomFriendsTableViewController.swift */,
				1C8E8657259B396A00136A7C /* GlobalGroupsTableViewController.swift */,
				1CF5085025911146008A87D3 /* Assets.xcassets */,
				1CF5085225911146008A87D3 /* LaunchScreen.storyboard */,
				1CF5085525911146008A87D3 /* Info.plist */,
			);
			path = "vk-client";
			sourceTree = "<group>";
		};
/* End PBXGroup section */

/* Begin PBXNativeTarget section */
		1CF5084325911145008A87D3 /* vk-client */ = {
			isa = PBXNativeTarget;
			buildConfigurationList = 1CF5085825911146008A87D3 /* Build configuration list for PBXNativeTarget "vk-client" */;
			buildPhases = (
				1CF5084025911145008A87D3 /* Sources */,
				1CF5084125911145008A87D3 /* Frameworks */,
				1CF5084225911145008A87D3 /* Resources */,
			);
			buildRules = (
			);
			dependencies = (
			);
			name = "vk-client";
			productName = "vk-client";
			productReference = 1CF5084425911145008A87D3 /* vk-client.app */;
			productType = "com.apple.product-type.application";
		};
/* End PBXNativeTarget section */

/* Begin PBXProject section */
		1CF5083C25911145008A87D3 /* Project object */ = {
			isa = PBXProject;
			attributes = {
				LastSwiftUpdateCheck = 1230;
				LastUpgradeCheck = 1230;
				TargetAttributes = {
					1CF5084325911145008A87D3 = {
						CreatedOnToolsVersion = 12.3;
					};
				};
			};
			buildConfigurationList = 1CF5083F25911145008A87D3 /* Build configuration list for PBXProject "Alternate" */;
			compatibilityVersion = "Xcode 9.3";
			developmentRegion = en;
			hasScannedForEncodings = 0;
			knownRegions = (
				en,
				Base,
			);
			mainGroup = 1CF5083B25911145008A87D3;
			productRefGroup = 1CF5084525911145008A87D3 /* Products */;
			projectDirPath = "";
			projectRoot = "";
			targets = (
				1CF5084325911145008A87D3 /* vk-client */,
			);
		};
/* End PBXProject section */

/* Begin PBXResourcesBuildPhase section */
		1CF5084225911145008A87D3 /* Resources */ = {
			isa = PBXResourcesBuildPhase;
			buildActionMask = 2147483647;
			files = (
				1CF5085425911146008A87D3 /* LaunchScreen.storyboard in Resources */,
				1CF5085125911146008A87D3 /* Assets.xcassets in Resources */,
				1CF5084F25911145008A87D3 /* Main.storyboard in Resources */,
				1C5D692625B5FC7200ACEBF0 /* NewsCollectionViewCell.xib in Resources */,
			);
			runOnlyForDeploymentPostprocessing = 0;
		};
/* End PBXResourcesBuildPhase section */

/* Begin PBXSourcesBuildPhase section */
		1CF5084025911145008A87D3 /* Sources */ = {
			isa = PBXSourcesBuildPhase;
			buildActionMask = 2147483647;
			files = (
				1C42157E25AC20FD00B8051B /* FriendsDataSource.swift in Sources */,
				1C6B0FAE25A2281700E74DBE /* CustomAvatarImageView.swift in Sources */,
				1C5D693425B71C0E00ACEBF0 /* news.swift in Sources */,
				1C6B0FA125A1B53400E74DBE /* ProfileNavigationViewController.swift in Sources */,
				1CB5E669259C6CAB006921F7 /* user.swift in Sources */,
				1C6B0FB225A340FA00E74DBE /* LikerUIControl.swift in Sources */,
				1C166D212598934D0010CB51 /* FriendCollectionViewCell.swift in Sources */,
				1CF5084C25911145008A87D3 /* LoginViewController.swift in Sources */,
				1CF5084825911145008A87D3 /* AppDelegate.swift in Sources */,
				1C5D692925B5FE9500ACEBF0 /* NewsCollectionViewController.swift in Sources */,
				1C8E8650259AE76800136A7C /* UserGroupTableViewCell.swift in Sources */,
				1C5D693725B742FC00ACEBF0 /* NewsDataSource.swift in Sources */,
				1CB5E66C259C6CBD006921F7 /* group.swift in Sources */,
				1CEF127925A6077B00E986D1 /* CustomFriendsTableViewController.swift in Sources */,
				1C6B0FA425A1B5D900E74DBE /* ProfileViewController.swift in Sources */,
				1CBA36EA25964C9B008201F3 /* FriendsNavigationViewController.swift in Sources */,
				1C2D41FE25A6FFCE0009E70A /* ContactListUIControl.swift in Sources */,
				1C166D1B25972C830010CB51 /* FriendsTableViewCell.swift in Sources */,
				1C8E865B259B398000136A7C /* GlobalGroupTableViewCell.swift in Sources */,
				1C8E8653259AE7A100136A7C /* UserGroupTableViewController.swift in Sources */,
				1C2D420125A7069E0009E70A /* ContactsTableViewCell.swift in Sources */,
				1C8E8658259B396B00136A7C /* GlobalGroupsTableViewController.swift in Sources */,
				1CF5084A25911145008A87D3 /* SceneDelegate.swift in Sources */,
				1C166D17259723CC0010CB51 /* FriendsTableViewController.swift in Sources */,
				1C01DB9D25A5D807007E228E /* AlphabeticSearchUIControl.swift in Sources */,
				1CB5E66F259C76C9006921F7 /* friend.swift in Sources */,
				1C5D692525B5FC7200ACEBF0 /* NewsCollectionViewCell.swift in Sources */,
				1C166D1E259867500010CB51 /* FriendCollectionViewController.swift in Sources */,
			);
			runOnlyForDeploymentPostprocessing = 0;
		};
/* End PBXSourcesBuildPhase section */

/* Begin PBXVariantGroup section */
		1CF5084D25911145008A87D3 /* Main.storyboard */ = {
			isa = PBXVariantGroup;
			children = (
				1CF5084E25911145008A87D3 /* Base */,
			);
			name = Main.storyboard;
			sourceTree = "<group>";
		};
		1CF5085225911146008A87D3 /* LaunchScreen.storyboard */ = {
			isa = PBXVariantGroup;
			children = (
				1CF5085325911146008A87D3 /* Base */,
			);
			name = LaunchScreen.storyboard;
			sourceTree = "<group>";
		};
/* End PBXVariantGroup section */

/* Begin XCBuildConfiguration section */
		1CF5085625911146008A87D3 /* Debug */ = {
			isa = XCBuildConfiguration;
			buildSettings = {
				ALWAYS_SEARCH_USER_PATHS = NO;
				CLANG_ANALYZER_NONNULL = YES;
				CLANG_ANALYZER_NUMBER_OBJECT_CONVERSION = YES_AGGRESSIVE;
				CLANG_CXX_LANGUAGE_STANDARD = "gnu++14";
				CLANG_CXX_LIBRARY = "libc++";
				CLANG_ENABLE_MODULES = YES;
				CLANG_ENABLE_OBJC_ARC = YES;
				CLANG_ENABLE_OBJC_WEAK = YES;
				CLANG_WARN_BLOCK_CAPTURE_AUTORELEASING = YES;
				CLANG_WARN_BOOL_CONVERSION = YES;
				CLANG_WARN_COMMA = YES;
				CLANG_WARN_CONSTANT_CONVERSION = YES;
				CLANG_WARN_DEPRECATED_OBJC_IMPLEMENTATIONS = YES;
				CLANG_WARN_DIRECT_OBJC_ISA_USAGE = YES_ERROR;
				CLANG_WARN_DOCUMENTATION_COMMENTS = YES;
				CLANG_WARN_EMPTY_BODY = YES;
				CLANG_WARN_ENUM_CONVERSION = YES;
				CLANG_WARN_INFINITE_RECURSION = YES;
				CLANG_WARN_INT_CONVERSION = YES;
				CLANG_WARN_NON_LITERAL_NULL_CONVERSION = YES;
				CLANG_WARN_OBJC_IMPLICIT_RETAIN_SELF = YES;
				CLANG_WARN_OBJC_LITERAL_CONVERSION = YES;
				CLANG_WARN_OBJC_ROOT_CLASS = YES_ERROR;
				CLANG_WARN_QUOTED_INCLUDE_IN_FRAMEWORK_HEADER = YES;
				CLANG_WARN_RANGE_LOOP_ANALYSIS = YES;
				CLANG_WARN_STRICT_PROTOTYPES = YES;
				CLANG_WARN_SUSPICIOUS_MOVE = YES;
				CLANG_WARN_UNGUARDED_AVAILABILITY = YES_AGGRESSIVE;
				CLANG_WARN_UNREACHABLE_CODE = YES;
				CLANG_WARN__DUPLICATE_METHOD_MATCH = YES;
				COPY_PHASE_STRIP = NO;
				DEBUG_INFORMATION_FORMAT = dwarf;
				ENABLE_STRICT_OBJC_MSGSEND = YES;
				ENABLE_TESTABILITY = YES;
				GCC_C_LANGUAGE_STANDARD = gnu11;
				GCC_DYNAMIC_NO_PIC = NO;
				GCC_NO_COMMON_BLOCKS = YES;
				GCC_OPTIMIZATION_LEVEL = 0;
				GCC_PREPROCESSOR_DEFINITIONS = (
					"DEBUG=1",
					"$(inherited)",
				);
				GCC_WARN_64_TO_32_BIT_CONVERSION = YES;
				GCC_WARN_ABOUT_RETURN_TYPE = YES_ERROR;
				GCC_WARN_UNDECLARED_SELECTOR = YES;
				GCC_WARN_UNINITIALIZED_AUTOS = YES_AGGRESSIVE;
				GCC_WARN_UNUSED_FUNCTION = YES;
				GCC_WARN_UNUSED_VARIABLE = YES;
				IPHONEOS_DEPLOYMENT_TARGET = 14.3;
				MTL_ENABLE_DEBUG_INFO = INCLUDE_SOURCE;
				MTL_FAST_MATH = YES;
				ONLY_ACTIVE_ARCH = YES;
				SDKROOT = iphoneos;
				SWIFT_ACTIVE_COMPILATION_CONDITIONS = DEBUG;
				SWIFT_OPTIMIZATION_LEVEL = "-Onone";
			};
			name = Debug;
		};
		1CF5085725911146008A87D3 /* Release */ = {
			isa = XCBuildConfiguration;
			buildSettings = {
				ALWAYS_SEARCH_USER_PATHS = NO;
				CLANG_ANALYZER_NONNULL = YES;
				CLANG_ANALYZER_NUMBER_OBJECT_CONVERSION = YES_AGGRESSIVE;
				CLANG_CXX_LANGUAGE_STANDARD = "gnu++14";
				CLANG_CXX_LIBRARY = "libc++";
				CLANG_ENABLE_MODULES = YES;
				CLANG_ENABLE_OBJC_ARC = YES;
				CLANG_ENABLE_OBJC_WEAK = YES;
				CLANG_WARN_BLOCK_CAPTURE_AUTORELEASING = YES;
				CLANG_WARN_BOOL_CONVERSION = YES;
				CLANG_WARN_COMMA = YES;
				CLANG_WARN_CONSTANT_CONVERSION = YES;
				CLANG_WARN_DEPRECATED_OBJC_IMPLEMENTATIONS = YES;
				CLANG_WARN_DIRECT_OBJC_ISA_USAGE = YES_ERROR;
				CLANG_WARN_DOCUMENTATION_COMMENTS = YES;
				CLANG_WARN_EMPTY_BODY = YES;
				CLANG_WARN_ENUM_CONVERSION = YES;
				CLANG_WARN_INFINITE_RECURSION = YES;
				CLANG_WARN_INT_CONVERSION = YES;
				CLANG_WARN_NON_LITERAL_NULL_CONVERSION = YES;
				CLANG_WARN_OBJC_IMPLICIT_RETAIN_SELF = YES;
				CLANG_WARN_OBJC_LITERAL_CONVERSION = YES;
				CLANG_WARN_OBJC_ROOT_CLASS = YES_ERROR;
				CLANG_WARN_QUOTED_INCLUDE_IN_FRAMEWORK_HEADER = YES;
				CLANG_WARN_RANGE_LOOP_ANALYSIS = YES;
				CLANG_WARN_STRICT_PROTOTYPES = YES;
				CLANG_WARN_SUSPICIOUS_MOVE = YES;
				CLANG_WARN_UNGUARDED_AVAILABILITY = YES_AGGRESSIVE;
				CLANG_WARN_UNREACHABLE_CODE = YES;
				CLANG_WARN__DUPLICATE_METHOD_MATCH = YES;
				COPY_PHASE_STRIP = NO;
				DEBUG_INFORMATION_FORMAT = "dwarf-with-dsym";
				ENABLE_NS_ASSERTIONS = NO;
				ENABLE_STRICT_OBJC_MSGSEND = YES;
				GCC_C_LANGUAGE_STANDARD = gnu11;
				GCC_NO_COMMON_BLOCKS = YES;
				GCC_WARN_64_TO_32_BIT_CONVERSION = YES;
				GCC_WARN_ABOUT_RETURN_TYPE = YES_ERROR;
				GCC_WARN_UNDECLARED_SELECTOR = YES;
				GCC_WARN_UNINITIALIZED_AUTOS = YES_AGGRESSIVE;
				GCC_WARN_UNUSED_FUNCTION = YES;
				GCC_WARN_UNUSED_VARIABLE = YES;
				IPHONEOS_DEPLOYMENT_TARGET = 14.3;
				MTL_ENABLE_DEBUG_INFO = NO;
				MTL_FAST_MATH = YES;
				SDKROOT = iphoneos;
				SWIFT_COMPILATION_MODE = wholemodule;
				SWIFT_OPTIMIZATION_LEVEL = "-O";
				VALIDATE_PRODUCT = YES;
			};
			name = Release;
		};
		1CF5085925911146008A87D3 /* Debug */ = {
			isa = XCBuildConfiguration;
			buildSettings = {
				ASSETCATALOG_COMPILER_APPICON_NAME = AppIcon;
				ASSETCATALOG_COMPILER_GLOBAL_ACCENT_COLOR_NAME = AccentColor;
				CODE_SIGN_STYLE = Automatic;
				DEVELOPMENT_TEAM = EQU5T64V94;
				INFOPLIST_FILE = "vk-client/Info.plist";
				IPHONEOS_DEPLOYMENT_TARGET = 14.3;
				LD_RUNPATH_SEARCH_PATHS = (
					"$(inherited)",
					"@executable_path/Frameworks",
				);
				PRODUCT_BUNDLE_IDENTIFIER = "ru.onemanapp.vk-client";
				PRODUCT_NAME = "$(TARGET_NAME)";
				SWIFT_VERSION = 5.0;
				TARGETED_DEVICE_FAMILY = "1,2";
			};
			name = Debug;
		};
		1CF5085A25911146008A87D3 /* Release */ = {
			isa = XCBuildConfiguration;
			buildSettings = {
				ASSETCATALOG_COMPILER_APPICON_NAME = AppIcon;
				ASSETCATALOG_COMPILER_GLOBAL_ACCENT_COLOR_NAME = AccentColor;
				CODE_SIGN_STYLE = Automatic;
				DEVELOPMENT_TEAM = EQU5T64V94;
				INFOPLIST_FILE = "vk-client/Info.plist";
				IPHONEOS_DEPLOYMENT_TARGET = 14.3;
				LD_RUNPATH_SEARCH_PATHS = (
					"$(inherited)",
					"@executable_path/Frameworks",
				);
				PRODUCT_BUNDLE_IDENTIFIER = "ru.onemanapp.vk-client";
				PRODUCT_NAME = "$(TARGET_NAME)";
				SWIFT_VERSION = 5.0;
				TARGETED_DEVICE_FAMILY = "1,2";
			};
			name = Release;
		};
/* End XCBuildConfiguration section */

/* Begin XCConfigurationList section */
		1CF5083F25911145008A87D3 /* Build configuration list for PBXProject "Alternate" */ = {
			isa = XCConfigurationList;
			buildConfigurations = (
				1CF5085625911146008A87D3 /* Debug */,
				1CF5085725911146008A87D3 /* Release */,
			);
			defaultConfigurationIsVisible = 0;
			defaultConfigurationName = Release;
		};
		1CF5085825911146008A87D3 /* Build configuration list for PBXNativeTarget "vk-client" */ = {
			isa = XCConfigurationList;
			buildConfigurations = (
				1CF5085925911146008A87D3 /* Debug */,
				1CF5085A25911146008A87D3 /* Release */,
			);
			defaultConfigurationIsVisible = 0;
			defaultConfigurationName = Release;
		};
/* End XCConfigurationList section */
	};
	rootObject = 1CF5083C25911145008A87D3 /* Project object */;
}
